{
  "version": 4,
  "terraform_version": "1.2.3",
  "serial": 47,
  "lineage": "3062c0a3-cc04-2a21-9e61-72e876d9d14e",
  "outputs": {},
  "resources": [
    {
      "mode": "managed",
      "type": "azurerm_resource_group",
      "name": "k8s",
      "provider": "provider[\"registry.terraform.io/hashicorp/azurerm\"]",
      "instances": [
        {
          "schema_version": 0,
          "attributes": {
            "id": "/subscriptions/b39128ad-3a64-448f-8f4d-1b8da2556ee8/resourceGroups/aks-resource-group",
            "location": "germanywestcentral",
            "name": "aks-resource-group",
            "tags": {},
            "timeouts": null
          },
          "sensitive_attributes": [],
          "private": "eyJlMmJmYjczMC1lY2FhLTExZTYtOGY4OC0zNDM2M2JjN2M0YzAiOnsiY3JlYXRlIjo1NDAwMDAwMDAwMDAwLCJkZWxldGUiOjU0MDAwMDAwMDAwMDAsInJlYWQiOjMwMDAwMDAwMDAwMCwidXBkYXRlIjo1NDAwMDAwMDAwMDAwfX0="
        }
      ]
    },
    {
      "module": "module.network",
      "mode": "data",
      "type": "azurerm_resource_group",
      "name": "network",
      "provider": "provider[\"registry.terraform.io/hashicorp/azurerm\"]",
      "instances": [
        {
          "schema_version": 0,
          "attributes": {
            "id": "/subscriptions/b39128ad-3a64-448f-8f4d-1b8da2556ee8/resourceGroups/aks-resource-group",
            "location": "germanywestcentral",
            "name": "aks-resource-group",
            "tags": {},
            "timeouts": null
          },
          "sensitive_attributes": []
        }
      ]
    },
    {
      "module": "module.network",
      "mode": "managed",
      "type": "azurerm_virtual_network",
      "name": "vnet",
      "provider": "provider[\"registry.terraform.io/hashicorp/azurerm\"]",
      "instances": [
        {
          "schema_version": 0,
          "attributes": {
            "address_space": [
              "10.52.0.0/16"
            ],
            "bgp_community": "",
            "ddos_protection_plan": [],
            "dns_servers": [],
            "flow_timeout_in_minutes": 0,
            "guid": "c67717b9-8e55-450e-8a90-838f60537177",
            "id": "/subscriptions/b39128ad-3a64-448f-8f4d-1b8da2556ee8/resourceGroups/aks-resource-group/providers/Microsoft.Network/virtualNetworks/acctvnet",
            "location": "germanywestcentral",
            "name": "acctvnet",
            "resource_group_name": "aks-resource-group",
            "subnet": [
              {
                "address_prefix": "10.52.0.0/24",
                "id": "/subscriptions/b39128ad-3a64-448f-8f4d-1b8da2556ee8/resourceGroups/aks-resource-group/providers/Microsoft.Network/virtualNetworks/acctvnet/subnets/subnet1",
                "name": "subnet1",
                "security_group": ""
              },
              {
                "address_prefix": "10.52.1.0/24",
                "id": "/subscriptions/b39128ad-3a64-448f-8f4d-1b8da2556ee8/resourceGroups/aks-resource-group/providers/Microsoft.Network/virtualNetworks/acctvnet/subnets/GatewaySubnet",
                "name": "GatewaySubnet",
                "security_group": ""
              }
            ],
            "tags": {
              "environment": "dev"
            },
            "timeouts": null,
            "vm_protection_enabled": false
          },
          "sensitive_attributes": [],
          "private": "eyJlMmJmYjczMC1lY2FhLTExZTYtOGY4OC0zNDM2M2JjN2M0YzAiOnsiY3JlYXRlIjoxODAwMDAwMDAwMDAwLCJkZWxldGUiOjE4MDAwMDAwMDAwMDAsInJlYWQiOjMwMDAwMDAwMDAwMCwidXBkYXRlIjoxODAwMDAwMDAwMDAwfX0=",
          "dependencies": [
            "azurerm_resource_group.k8s",
            "module.network.data.azurerm_resource_group.network"
          ]
        }
      ]
    }
  ]
}
